
Microsoft Visual Studio Solution File, Format Version 12.00
# Visual Studio 15
Project("{FAE04EC0-301F-11D3-BF4B-00C04F79EFBC}") = "Assembly-CSharp", "Assembly-CSharp.csproj", "{6000E7D7-8A54-DE33-A5BC-1D7B05FA9BDF}"
EndProject
Global
	GlobalSection(SolutionConfigurationPlatforms) = preSolution
		Debug|Any CPU = Debug|Any CPU
		Release|Any CPU = Release|Any CPU
	EndGlobalSection
	GlobalSection(ProjectConfigurationPlatforms) = postSolution
		{6000E7D7-8A54-DE33-A5BC-1D7B05FA9BDF}.Debug|Any CPU.ActiveCfg = Debug|Any CPU
		{6000E7D7-8A54-DE33-A5BC-1D7B05FA9BDF}.Debug|Any CPU.Build.0 = Debug|Any CPU
		{6000E7D7-8A54-DE33-A5BC-1D7B05FA9BDF}.Release|Any CPU.ActiveCfg = Release|Any CPU
		{6000E7D7-8A54-DE33-A5BC-1D7B05FA9BDF}.Release|Any CPU.Build.0 = Release|Any CPU
	EndGlobalSection
	GlobalSection(SolutionProperties) = preSolution
		HideSolutionNode = FALSE
	EndGlobalSection
	GlobalSection(MonoDevelopProperties) = preSolution
		StartupItem = Assembly-CSharp.csproj
	EndGlobalSection
EndGlobal
